
Microsoft Visual Studio Solution File, Format Version 12.00
# Visual Studio Version 17
VisualStudioVersion = 17.11.35312.102
MinimumVisualStudioVersion = 10.0.40219.1
Project("{FAE04EC0-301F-11D3-BF4B-00C04F79EFBC}") = "CureFusion.API", "CureFusion\CureFusion.API.csproj", "{412616C7-57D4-4F2C-ACBB-41765B4D7635}"
EndProject
Project("{FAE04EC0-301F-11D3-BF4B-00C04F79EFBC}") = "CureFusion.Domain", "CureFusion.Domain\CureFusion.Domain.csproj", "{CEFC417E-8E07-448F-A692-7F6872415236}"
EndProject
Project("{FAE04EC0-301F-11D3-BF4B-00C04F79EFBC}") = "CureFusion.Application", "CureFusion.Application\CureFusion.Application.csproj", "{86015023-59A8-4EE8-B4DC-B9000892C227}"
EndProject
Project("{FAE04EC0-301F-11D3-BF4B-00C04F79EFBC}") = "CureFusion.Infrastructure", "CureFusion.Infrastructure\CureFusion.Infrastructure.csproj", "{02ACD193-DC62-400D-8229-66369AE80045}"
EndProject
Global
	GlobalSection(SolutionConfigurationPlatforms) = preSolution
		Debug|Any CPU = Debug|Any CPU
		Release|Any CPU = Release|Any CPU
	EndGlobalSection
	GlobalSection(ProjectConfigurationPlatforms) = postSolution
		{412616C7-57D4-4F2C-ACBB-41765B4D7635}.Debug|Any CPU.ActiveCfg = Debug|Any CPU
		{412616C7-57D4-4F2C-ACBB-41765B4D7635}.Debug|Any CPU.Build.0 = Debug|Any CPU
		{412616C7-57D4-4F2C-ACBB-41765B4D7635}.Release|Any CPU.ActiveCfg = Release|Any CPU
		{412616C7-57D4-4F2C-ACBB-41765B4D7635}.Release|Any CPU.Build.0 = Release|Any CPU
		{CEFC417E-8E07-448F-A692-7F6872415236}.Debug|Any CPU.ActiveCfg = Debug|Any CPU
		{CEFC417E-8E07-448F-A692-7F6872415236}.Debug|Any CPU.Build.0 = Debug|Any CPU
		{CEFC417E-8E07-448F-A692-7F6872415236}.Release|Any CPU.ActiveCfg = Release|Any CPU
		{CEFC417E-8E07-448F-A692-7F6872415236}.Release|Any CPU.Build.0 = Release|Any CPU
		{86015023-59A8-4EE8-B4DC-B9000892C227}.Debug|Any CPU.ActiveCfg = Debug|Any CPU
		{86015023-59A8-4EE8-B4DC-B9000892C227}.Debug|Any CPU.Build.0 = Debug|Any CPU
		{86015023-59A8-4EE8-B4DC-B9000892C227}.Release|Any CPU.ActiveCfg = Release|Any CPU
		{86015023-59A8-4EE8-B4DC-B9000892C227}.Release|Any CPU.Build.0 = Release|Any CPU
		{02ACD193-DC62-400D-8229-66369AE80045}.Debug|Any CPU.ActiveCfg = Debug|Any CPU
		{02ACD193-DC62-400D-8229-66369AE80045}.Debug|Any CPU.Build.0 = Debug|Any CPU
		{02ACD193-DC62-400D-8229-66369AE80045}.Release|Any CPU.ActiveCfg = Release|Any CPU
		{02ACD193-DC62-400D-8229-66369AE80045}.Release|Any CPU.Build.0 = Release|Any CPU
	EndGlobalSection
	GlobalSection(SolutionProperties) = preSolution
		HideSolutionNode = FALSE
	EndGlobalSection
	GlobalSection(ExtensibilityGlobals) = postSolution
		SolutionGuid = {39153731-7D02-484F-B54A-D0D0B7B04B77}
	EndGlobalSection
EndGlobal
